<Solution>
  <Configurations>
    <Platform Name="x64" />
  </Configurations>
  <Project Path="HidSharp.Test/HidSharp.Test.csproj">
    <Platform Project="x64" />
  </Project>
  <Project Path="HidSharp/HidSharp.csproj">
    <Platform Project="x64" />
  </Project>
  <Properties Name="MonoDevelopProperties">
    <Property Name="StartupItem" Value="HidSharp.Test\HidSharp.Test.csproj" />
  </Properties>
</Solution>
